// !$*UTF8*$!
{
	archiveVersion = 1;
	classes = {
	};
	objectVersion = 46;
	objects = {

/* Begin PBXBuildFile section */
		DAE6EC281CA87A3200E077A0 /* SignUpController.swift in Sources */ = {isa = PBXBuildFile; fileRef = DAE6EC271CA87A3200E077A0 /* SignUpController.swift */; };
		DAE7D0DF1CA5B7CE00151279 /* AppDelegate.swift in Sources */ = {isa = PBXBuildFile; fileRef = DAE7D0DE1CA5B7CE00151279 /* AppDelegate.swift */; };
		DAE7D0E41CA5B7CE00151279 /* Main.storyboard in Resources */ = {isa = PBXBuildFile; fileRef = DAE7D0E21CA5B7CE00151279 /* Main.storyboard */; };
		DAE7D0E61CA5B7CE00151279 /* Assets.xcassets in Resources */ = {isa = PBXBuildFile; fileRef = DAE7D0E51CA5B7CE00151279 /* Assets.xcassets */; };
		DAE7D0E91CA5B7CE00151279 /* LaunchScreen.storyboard in Resources */ = {isa = PBXBuildFile; fileRef = DAE7D0E71CA5B7CE00151279 /* LaunchScreen.storyboard */; };
		DAE7D0F81CA70E8500151279 /* FBSDKCoreKit.framework in Frameworks */ = {isa = PBXBuildFile; fileRef = DAE7D0F71CA70E8500151279 /* FBSDKCoreKit.framework */; };
		DAE7D0FA1CA70E9500151279 /* FBSDKLoginKit.framework in Frameworks */ = {isa = PBXBuildFile; fileRef = DAE7D0F91CA70E9500151279 /* FBSDKLoginKit.framework */; };
		DAE7D0FE1CA7FFDB00151279 /* ViewController.swift in Sources */ = {isa = PBXBuildFile; fileRef = DAE7D0FD1CA7FFDB00151279 /* ViewController.swift */; };
/* End PBXBuildFile section */

/* Begin PBXFileReference section */
		DAE6EC271CA87A3200E077A0 /* SignUpController.swift */ = {isa = PBXFileReference; fileEncoding = 4; lastKnownFileType = sourcecode.swift; path = SignUpController.swift; sourceTree = "<group>"; };
		DAE7D0DB1CA5B7CD00151279 /* joynem.app */ = {isa = PBXFileReference; explicitFileType = wrapper.application; includeInIndex = 0; path = joynem.app; sourceTree = BUILT_PRODUCTS_DIR; };
		DAE7D0DE1CA5B7CE00151279 /* AppDelegate.swift */ = {isa = PBXFileReference; lastKnownFileType = sourcecode.swift; path = AppDelegate.swift; sourceTree = "<group>"; };
		DAE7D0E31CA5B7CE00151279 /* Base */ = {isa = PBXFileReference; lastKnownFileType = file.storyboard; name = Base; path = Base.lproj/Main.storyboard; sourceTree = "<group>"; };
		DAE7D0E51CA5B7CE00151279 /* Assets.xcassets */ = {isa = PBXFileReference; lastKnownFileType = folder.assetcatalog; path = Assets.xcassets; sourceTree = "<group>"; };
		DAE7D0E81CA5B7CE00151279 /* Base */ = {isa = PBXFileReference; lastKnownFileType = file.storyboard; name = Base; path = Base.lproj/LaunchScreen.storyboard; sourceTree = "<group>"; };
		DAE7D0EA1CA5B7CE00151279 /* Info.plist */ = {isa = PBXFileReference; lastKnownFileType = text.plist.xml; path = Info.plist; sourceTree = "<group>"; };
		DAE7D0F61CA70AC500151279 /* Bridging-Header.h */ = {isa = PBXFileReference; lastKnownFileType = sourcecode.c.h; path = "Bridging-Header.h"; sourceTree = "<group>"; };
		DAE7D0F71CA70E8500151279 /* FBSDKCoreKit.framework */ = {isa = PBXFileReference; lastKnownFileType = wrapper.framework; path = FBSDKCoreKit.framework; sourceTree = "<group>"; };
		DAE7D0F91CA70E9500151279 /* FBSDKLoginKit.framework */ = {isa = PBXFileReference; lastKnownFileType = wrapper.framework; path = FBSDKLoginKit.framework; sourceTree = "<group>"; };
		DAE7D0FD1CA7FFDB00151279 /* ViewController.swift */ = {isa = PBXFileReference; fileEncoding = 4; lastKnownFileType = sourcecode.swift; path = ViewController.swift; sourceTree = "<group>"; };
/* End PBXFileReference section */

/* Begin PBXFrameworksBuildPhase section */
		DAE7D0D81CA5B7CD00151279 /* Frameworks */ = {
			isa = PBXFrameworksBuildPhase;
			buildActionMask = 2147483647;
			files = (
				DAE7D0FA1CA70E9500151279 /* FBSDKLoginKit.framework in Frameworks */,
				DAE7D0F81CA70E8500151279 /* FBSDKCoreKit.framework in Frameworks */,
			);
			runOnlyForDeploymentPostprocessing = 0;
		};
/* End PBXFrameworksBuildPhase section */

/* Begin PBXGroup section */
		DAE7D0D21CA5B7CD00151279 = {
			isa = PBXGroup;
			children = (
				DAE7D0DD1CA5B7CE00151279 /* joynem */,
				DAE7D0DC1CA5B7CD00151279 /* Products */,
			);
			sourceTree = "<group>";
		};
		DAE7D0DC1CA5B7CD00151279 /* Products */ = {
			isa = PBXGroup;
			children = (
				DAE7D0DB1CA5B7CD00151279 /* joynem.app */,
			);
			name = Products;
			sourceTree = "<group>";
		};
		DAE7D0DD1CA5B7CE00151279 /* joynem */ = {
			isa = PBXGroup;
			children = (
				DAE7D0F11CA5E2BD00151279 /* Frameworks */,
				DAE7D0DE1CA5B7CE00151279 /* AppDelegate.swift */,
				DAE7D0FD1CA7FFDB00151279 /* ViewController.swift */,
				DAE7D0E21CA5B7CE00151279 /* Main.storyboard */,
				DAE7D0E51CA5B7CE00151279 /* Assets.xcassets */,
				DAE7D0E71CA5B7CE00151279 /* LaunchScreen.storyboard */,
				DAE7D0EA1CA5B7CE00151279 /* Info.plist */,
				DAE7D0F61CA70AC500151279 /* Bridging-Header.h */,
				DAE6EC271CA87A3200E077A0 /* SignUpController.swift */,
			);
			path = joynem;
			sourceTree = "<group>";
		};
		DAE7D0F11CA5E2BD00151279 /* Frameworks */ = {
			isa = PBXGroup;
			children = (
				DAE7D0F91CA70E9500151279 /* FBSDKLoginKit.framework */,
				DAE7D0F71CA70E8500151279 /* FBSDKCoreKit.framework */,
			);
			name = Frameworks;
			sourceTree = "<group>";
		};
/* End PBXGroup section */

/* Begin PBXNativeTarget section */
		DAE7D0DA1CA5B7CD00151279 /* joynem */ = {
			isa = PBXNativeTarget;
			buildConfigurationList = DAE7D0ED1CA5B7CE00151279 /* Build configuration list for PBXNativeTarget "joynem" */;
			buildPhases = (
				DAE7D0D71CA5B7CD00151279 /* Sources */,
				DAE7D0D81CA5B7CD00151279 /* Frameworks */,
				DAE7D0D91CA5B7CD00151279 /* Resources */,
			);
			buildRules = (
			);
			dependencies = (
			);
			name = joynem;
			productName = joynem;
			productReference = DAE7D0DB1CA5B7CD00151279 /* joynem.app */;
			productType = "com.apple.product-type.application";
		};
/* End PBXNativeTarget section */

/* Begin PBXProject section */
		DAE7D0D31CA5B7CD00151279 /* Project object */ = {
			isa = PBXProject;
			attributes = {
				LastSwiftUpdateCheck = 0730;
				LastUpgradeCheck = 0730;
				ORGANIZATIONNAME = "Stefanie Knapp";
				TargetAttributes = {
					DAE7D0DA1CA5B7CD00151279 = {
						CreatedOnToolsVersion = 7.3;
						DevelopmentTeam = 3N4BUBMU9U;
					};
				};
			};
			buildConfigurationList = DAE7D0D61CA5B7CD00151279 /* Build configuration list for PBXProject "joynem" */;
			compatibilityVersion = "Xcode 3.2";
			developmentRegion = English;
			hasScannedForEncodings = 0;
			knownRegions = (
				en,
				Base,
			);
			mainGroup = DAE7D0D21CA5B7CD00151279;
			productRefGroup = DAE7D0DC1CA5B7CD00151279 /* Products */;
			projectDirPath = "";
			projectRoot = "";
			targets = (
				DAE7D0DA1CA5B7CD00151279 /* joynem */,
			);
		};
/* End PBXProject section */

/* Begin PBXResourcesBuildPhase section */
		DAE7D0D91CA5B7CD00151279 /* Resources */ = {
			isa = PBXResourcesBuildPhase;
			buildActionMask = 2147483647;
			files = (
				DAE7D0E91CA5B7CE00151279 /* LaunchScreen.storyboard in Resources */,
				DAE7D0E61CA5B7CE00151279 /* Assets.xcassets in Resources */,
				DAE7D0E41CA5B7CE00151279 /* Main.storyboard in Resources */,
			);
			runOnlyForDeploymentPostprocessing = 0;
		};
/* End PBXResourcesBuildPhase section */

/* Begin PBXSourcesBuildPhase section */
		DAE7D0D71CA5B7CD00151279 /* Sources */ = {
			isa = PBXSourcesBuildPhase;
			buildActionMask = 2147483647;
			files = (
				DAE7D0FE1CA7FFDB00151279 /* ViewController.swift in Sources */,
				DAE7D0DF1CA5B7CE00151279 /* AppDelegate.swift in Sources */,
				DAE6EC281CA87A3200E077A0 /* SignUpController.swift in Sources */,
			);
			runOnlyForDeploymentPostprocessing = 0;
		};
/* End PBXSourcesBuildPhase section */

/* Begin PBXVariantGroup section */
		DAE7D0E21CA5B7CE00151279 /* Main.storyboard */ = {
			isa = PBXVariantGroup;
			children = (
				DAE7D0E31CA5B7CE00151279 /* Base */,
			);
			name = Main.storyboard;
			sourceTree = "<group>";
		};
		DAE7D0E71CA5B7CE00151279 /* LaunchScreen.storyboard */ = {
			isa = PBXVariantGroup;
			children = (
				DAE7D0E81CA5B7CE00151279 /* Base */,
			);
			name = LaunchScreen.storyboard;
			sourceTree = "<group>";
		};
/* End PBXVariantGroup section */

/* Begin XCBuildConfiguration section */
		DAE7D0EB1CA5B7CE00151279 /* Debug */ = {
			isa = XCBuildConfiguration;
			buildSettings = {
				ALWAYS_SEARCH_USER_PATHS = NO;
				CLANG_ANALYZER_NONNULL = YES;
				CLANG_CXX_LANGUAGE_STANDARD = "gnu++0x";
				CLANG_CXX_LIBRARY = "libc++";
				CLANG_ENABLE_MODULES = YES;
				CLANG_ENABLE_OBJC_ARC = YES;
				CLANG_WARN_BOOL_CONVERSION = YES;
				CLANG_WARN_CONSTANT_CONVERSION = YES;
				CLANG_WARN_DIRECT_OBJC_ISA_USAGE = YES_ERROR;
				CLANG_WARN_EMPTY_BODY = YES;
				CLANG_WARN_ENUM_CONVERSION = YES;
				CLANG_WARN_INT_CONVERSION = YES;
				CLANG_WARN_OBJC_ROOT_CLASS = YES_ERROR;
				CLANG_WARN_UNREACHABLE_CODE = YES;
				CLANG_WARN__DUPLICATE_METHOD_MATCH = YES;
				"CODE_SIGN_IDENTITY[sdk=iphoneos*]" = "iPhone Developer";
				COPY_PHASE_STRIP = NO;
				DEBUG_INFORMATION_FORMAT = dwarf;
				ENABLE_STRICT_OBJC_MSGSEND = YES;
				ENABLE_TESTABILITY = YES;
				GCC_C_LANGUAGE_STANDARD = gnu99;
				GCC_DYNAMIC_NO_PIC = NO;
				GCC_NO_COMMON_BLOCKS = YES;
				GCC_OPTIMIZATION_LEVEL = 0;
				GCC_PREPROCESSOR_DEFINITIONS = (
					"DEBUG=1",
					"$(inherited)",
				);
				GCC_WARN_64_TO_32_BIT_CONVERSION = YES;
				GCC_WARN_ABOUT_RETURN_TYPE = YES_ERROR;
				GCC_WARN_UNDECLARED_SELECTOR = YES;
				GCC_WARN_UNINITIALIZED_AUTOS = YES_AGGRESSIVE;
				GCC_WARN_UNUSED_FUNCTION = YES;
				GCC_WARN_UNUSED_VARIABLE = YES;
				IPHONEOS_DEPLOYMENT_TARGET = 9.3;
				MTL_ENABLE_DEBUG_INFO = YES;
				ONLY_ACTIVE_ARCH = YES;
				SDKROOT = iphoneos;
				SWIFT_OPTIMIZATION_LEVEL = "-Onone";
			};
			name = Debug;
		};
		DAE7D0EC1CA5B7CE00151279 /* Release */ = {
			isa = XCBuildConfiguration;
			buildSettings = {
				ALWAYS_SEARCH_USER_PATHS = NO;
				CLANG_ANALYZER_NONNULL = YES;
				CLANG_CXX_LANGUAGE_STANDARD = "gnu++0x";
				CLANG_CXX_LIBRARY = "libc++";
				CLANG_ENABLE_MODULES = YES;
				CLANG_ENABLE_OBJC_ARC = YES;
				CLANG_WARN_BOOL_CONVERSION = YES;
				CLANG_WARN_CONSTANT_CONVERSION = YES;
				CLANG_WARN_DIRECT_OBJC_ISA_USAGE = YES_ERROR;
				CLANG_WARN_EMPTY_BODY = YES;
				CLANG_WARN_ENUM_CONVERSION = YES;
				CLANG_WARN_INT_CONVERSION = YES;
				CLANG_WARN_OBJC_ROOT_CLASS = YES_ERROR;
				CLANG_WARN_UNREACHABLE_CODE = YES;
				CLANG_WARN__DUPLICATE_METHOD_MATCH = YES;
				"CODE_SIGN_IDENTITY[sdk=iphoneos*]" = "iPhone Developer";
				COPY_PHASE_STRIP = NO;
				DEBUG_INFORMATION_FORMAT = "dwarf-with-dsym";
				ENABLE_NS_ASSERTIONS = NO;
				ENABLE_STRICT_OBJC_MSGSEND = YES;
				GCC_C_LANGUAGE_STANDARD = gnu99;
				GCC_NO_COMMON_BLOCKS = YES;
				GCC_WARN_64_TO_32_BIT_CONVERSION = YES;
				GCC_WARN_ABOUT_RETURN_TYPE = YES_ERROR;
				GCC_WARN_UNDECLARED_SELECTOR = YES;
				GCC_WARN_UNINITIALIZED_AUTOS = YES_AGGRESSIVE;
				GCC_WARN_UNUSED_FUNCTION = YES;
				GCC_WARN_UNUSED_VARIABLE = YES;
				IPHONEOS_DEPLOYMENT_TARGET = 9.3;
				MTL_ENABLE_DEBUG_INFO = NO;
				SDKROOT = iphoneos;
				VALIDATE_PRODUCT = YES;
			};
			name = Release;
		};
		DAE7D0EE1CA5B7CE00151279 /* Debug */ = {
			isa = XCBuildConfiguration;
			buildSettings = {
				ASSETCATALOG_COMPILER_APPICON_NAME = AppIcon;
				CODE_SIGN_IDENTITY = "iPhone Developer";
				"CODE_SIGN_IDENTITY[sdk=iphoneos*]" = "iPhone Developer";
				FRAMEWORK_SEARCH_PATHS = (
					/Users/stefaniemknapp/Documents/FacebookSDK,
					"$(PROJECT_DIR)/joynem",
				);
				INFOPLIST_FILE = joynem/Info.plist;
				LD_RUNPATH_SEARCH_PATHS = "$(inherited) @executable_path/Frameworks";
				PRODUCT_BUNDLE_IDENTIFIER = com.stefanieknapp.joynem;
				PRODUCT_NAME = "$(TARGET_NAME)";
				PROVISIONING_PROFILE = "";
				SWIFT_OBJC_BRIDGING_HEADER = "joynem/Bridging-Header.h";
			};
			name = Debug;
		};
		DAE7D0EF1CA5B7CE00151279 /* Release */ = {
			isa = XCBuildConfiguration;
			buildSettings = {
				ASSETCATALOG_COMPILER_APPICON_NAME = AppIcon;
				CODE_SIGN_IDENTITY = "iPhone Developer";
				"CODE_SIGN_IDENTITY[sdk=iphoneos*]" = "iPhone Developer";
				FRAMEWORK_SEARCH_PATHS = (
					/Users/stefaniemknapp/Documents/FacebookSDK,
					"$(PROJECT_DIR)/joynem",
				);
				INFOPLIST_FILE = joynem/Info.plist;
				LD_RUNPATH_SEARCH_PATHS = "$(inherited) @executable_path/Frameworks";
				PRODUCT_BUNDLE_IDENTIFIER = com.stefanieknapp.joynem;
				PRODUCT_NAME = "$(TARGET_NAME)";
				PROVISIONING_PROFILE = "";
				SWIFT_OBJC_BRIDGING_HEADER = "joynem/Bridging-Header.h";
			};
			name = Release;
		};
/* End XCBuildConfiguration section */

/* Begin XCConfigurationList section */
		DAE7D0D61CA5B7CD00151279 /* Build configuration list for PBXProject "joynem" */ = {
			isa = XCConfigurationList;
			buildConfigurations = (
				DAE7D0EB1CA5B7CE00151279 /* Debug */,
				DAE7D0EC1CA5B7CE00151279 /* Release */,
			);
			defaultConfigurationIsVisible = 0;
			defaultConfigurationName = Release;
		};
		DAE7D0ED1CA5B7CE00151279 /* Build configuration list for PBXNativeTarget "joynem" */ = {
			isa = XCConfigurationList;
			buildConfigurations = (
				DAE7D0EE1CA5B7CE00151279 /* Debug */,
				DAE7D0EF1CA5B7CE00151279 /* Release */,
			);
			defaultConfigurationIsVisible = 0;
			defaultConfigurationName = Release;
		};
/* End XCConfigurationList section */
	};
	rootObject = DAE7D0D31CA5B7CD00151279 /* Project object */;
}
